// !$*UTF8*$!
{
	archiveVersion = 1;
	classes = {
	};
	objectVersion = 51;
	objects = {

/* Begin PBXBuildFile section */
		13238F8D1245A8E7FFC8BE01 /* Pods_ReviewWithNotes.framework in Frameworks */ = {isa = PBXBuildFile; fileRef = F141F68AE307A06C0E264A7A /* Pods_ReviewWithNotes.framework */; };
		6D8182172444BA9F001A68F5 /* ReviewModel.swift in Sources */ = {isa = PBXBuildFile; fileRef = 6D8182162444BA9F001A68F5 /* ReviewModel.swift */; };
		AD233FDF2442165F0070B783 /* ItemsTableViewController.swift in Sources */ = {isa = PBXBuildFile; fileRef = AD233FDE2442165F0070B783 /* ItemsTableViewController.swift */; };
		AD233FE12442DAE80070B783 /* ItemsTableViewCell.swift in Sources */ = {isa = PBXBuildFile; fileRef = AD233FE02442DAE80070B783 /* ItemsTableViewCell.swift */; };
		AD233FE3244307180070B783 /* ReviewViewController.swift in Sources */ = {isa = PBXBuildFile; fileRef = AD233FE2244307180070B783 /* ReviewViewController.swift */; };
		ADD20E622441AED3006FA1B5 /* AppDelegate.swift in Sources */ = {isa = PBXBuildFile; fileRef = ADD20E612441AED3006FA1B5 /* AppDelegate.swift */; };
		ADD20E642441AED3006FA1B5 /* SceneDelegate.swift in Sources */ = {isa = PBXBuildFile; fileRef = ADD20E632441AED3006FA1B5 /* SceneDelegate.swift */; };
		ADD20E662441AED3006FA1B5 /* ViewController.swift in Sources */ = {isa = PBXBuildFile; fileRef = ADD20E652441AED3006FA1B5 /* ViewController.swift */; };
		ADD20E692441AED3006FA1B5 /* Main.storyboard in Resources */ = {isa = PBXBuildFile; fileRef = ADD20E672441AED3006FA1B5 /* Main.storyboard */; };
		ADD20E6C2441AED3006FA1B5 /* ReviewWithNotes.xcdatamodeld in Sources */ = {isa = PBXBuildFile; fileRef = ADD20E6A2441AED3006FA1B5 /* ReviewWithNotes.xcdatamodeld */; };
		ADD20E6E2441AED4006FA1B5 /* Assets.xcassets in Resources */ = {isa = PBXBuildFile; fileRef = ADD20E6D2441AED4006FA1B5 /* Assets.xcassets */; };
		ADD20E712441AED4006FA1B5 /* LaunchScreen.storyboard in Resources */ = {isa = PBXBuildFile; fileRef = ADD20E6F2441AED4006FA1B5 /* LaunchScreen.storyboard */; };
		ADD20E792441B033006FA1B5 /* CategoriesTableViewController.swift in Sources */ = {isa = PBXBuildFile; fileRef = ADD20E782441B033006FA1B5 /* CategoriesTableViewController.swift */; };
/* End PBXBuildFile section */

/* Begin PBXFileReference section */
		1F199C340B515A940E67D31C /* Pods-ReviewWithNotes.release.xcconfig */ = {isa = PBXFileReference; includeInIndex = 1; lastKnownFileType = text.xcconfig; name = "Pods-ReviewWithNotes.release.xcconfig"; path = "Target Support Files/Pods-ReviewWithNotes/Pods-ReviewWithNotes.release.xcconfig"; sourceTree = "<group>"; };
		6D8182162444BA9F001A68F5 /* ReviewModel.swift */ = {isa = PBXFileReference; lastKnownFileType = sourcecode.swift; path = ReviewModel.swift; sourceTree = "<group>"; };
		A7E8FBB581712485AC92F8B5 /* Pods-ReviewWithNotes.debug.xcconfig */ = {isa = PBXFileReference; includeInIndex = 1; lastKnownFileType = text.xcconfig; name = "Pods-ReviewWithNotes.debug.xcconfig"; path = "Target Support Files/Pods-ReviewWithNotes/Pods-ReviewWithNotes.debug.xcconfig"; sourceTree = "<group>"; };
		AD233FDE2442165F0070B783 /* ItemsTableViewController.swift */ = {isa = PBXFileReference; lastKnownFileType = sourcecode.swift; path = ItemsTableViewController.swift; sourceTree = "<group>"; };
		AD233FE02442DAE80070B783 /* ItemsTableViewCell.swift */ = {isa = PBXFileReference; lastKnownFileType = sourcecode.swift; name = ItemsTableViewCell.swift; path = ReviewWithNotes/Controller/ItemsTableViewCell.swift; sourceTree = SOURCE_ROOT; };
		AD233FE2244307180070B783 /* ReviewViewController.swift */ = {isa = PBXFileReference; lastKnownFileType = sourcecode.swift; path = ReviewViewController.swift; sourceTree = "<group>"; };
		ADD20E5E2441AED3006FA1B5 /* ReviewWithNotes.app */ = {isa = PBXFileReference; explicitFileType = wrapper.application; includeInIndex = 0; path = ReviewWithNotes.app; sourceTree = BUILT_PRODUCTS_DIR; };
		ADD20E612441AED3006FA1B5 /* AppDelegate.swift */ = {isa = PBXFileReference; lastKnownFileType = sourcecode.swift; path = AppDelegate.swift; sourceTree = "<group>"; };
		ADD20E632441AED3006FA1B5 /* SceneDelegate.swift */ = {isa = PBXFileReference; lastKnownFileType = sourcecode.swift; path = SceneDelegate.swift; sourceTree = "<group>"; };
		ADD20E652441AED3006FA1B5 /* ViewController.swift */ = {isa = PBXFileReference; lastKnownFileType = sourcecode.swift; path = ViewController.swift; sourceTree = "<group>"; };
		ADD20E682441AED3006FA1B5 /* Base */ = {isa = PBXFileReference; lastKnownFileType = file.storyboard; name = Base; path = Base.lproj/Main.storyboard; sourceTree = "<group>"; };
		ADD20E6B2441AED3006FA1B5 /* ReviewWithNotes.xcdatamodel */ = {isa = PBXFileReference; lastKnownFileType = wrapper.xcdatamodel; path = ReviewWithNotes.xcdatamodel; sourceTree = "<group>"; };
		ADD20E6D2441AED4006FA1B5 /* Assets.xcassets */ = {isa = PBXFileReference; lastKnownFileType = folder.assetcatalog; path = Assets.xcassets; sourceTree = "<group>"; };
		ADD20E702441AED4006FA1B5 /* Base */ = {isa = PBXFileReference; lastKnownFileType = file.storyboard; name = Base; path = Base.lproj/LaunchScreen.storyboard; sourceTree = "<group>"; };
		ADD20E722441AED4006FA1B5 /* Info.plist */ = {isa = PBXFileReference; lastKnownFileType = text.plist.xml; path = Info.plist; sourceTree = "<group>"; };
		ADD20E782441B033006FA1B5 /* CategoriesTableViewController.swift */ = {isa = PBXFileReference; lastKnownFileType = sourcecode.swift; path = CategoriesTableViewController.swift; sourceTree = "<group>"; };
		F141F68AE307A06C0E264A7A /* Pods_ReviewWithNotes.framework */ = {isa = PBXFileReference; explicitFileType = wrapper.framework; includeInIndex = 0; path = Pods_ReviewWithNotes.framework; sourceTree = BUILT_PRODUCTS_DIR; };
/* End PBXFileReference section */

/* Begin PBXFrameworksBuildPhase section */
		ADD20E5B2441AED3006FA1B5 /* Frameworks */ = {
			isa = PBXFrameworksBuildPhase;
			buildActionMask = 2147483647;
			files = (
				13238F8D1245A8E7FFC8BE01 /* Pods_ReviewWithNotes.framework in Frameworks */,
			);
			runOnlyForDeploymentPostprocessing = 0;
		};
/* End PBXFrameworksBuildPhase section */

/* Begin PBXGroup section */
		215CA7C91FC032CA55F20C4D /* Pods */ = {
			isa = PBXGroup;
			children = (
				A7E8FBB581712485AC92F8B5 /* Pods-ReviewWithNotes.debug.xcconfig */,
				1F199C340B515A940E67D31C /* Pods-ReviewWithNotes.release.xcconfig */,
			);
			path = Pods;
			sourceTree = "<group>";
		};
		ADD20E552441AED3006FA1B5 = {
			isa = PBXGroup;
			children = (
				ADD20E602441AED3006FA1B5 /* ReviewWithNotes */,
				ADD20E5F2441AED3006FA1B5 /* Products */,
				215CA7C91FC032CA55F20C4D /* Pods */,
				B81A2970DBD9335BE9023BFE /* Frameworks */,
			);
			sourceTree = "<group>";
		};
		ADD20E5F2441AED3006FA1B5 /* Products */ = {
			isa = PBXGroup;
			children = (
				ADD20E5E2441AED3006FA1B5 /* ReviewWithNotes.app */,
			);
			name = Products;
			sourceTree = "<group>";
		};
		ADD20E602441AED3006FA1B5 /* ReviewWithNotes */ = {
			isa = PBXGroup;
			children = (
				ADD20E612441AED3006FA1B5 /* AppDelegate.swift */,
				ADD20E632441AED3006FA1B5 /* SceneDelegate.swift */,
				ADD20E652441AED3006FA1B5 /* ViewController.swift */,
				ADD20E7C2441B3FD006FA1B5 /* Model */,
				ADD20E7B2441B050006FA1B5 /* View */,
				ADD20E7A2441B03B006FA1B5 /* Controller */,
				ADD20E6D2441AED4006FA1B5 /* Assets.xcassets */,
				ADD20E6F2441AED4006FA1B5 /* LaunchScreen.storyboard */,
				ADD20E722441AED4006FA1B5 /* Info.plist */,
			);
			path = ReviewWithNotes;
			sourceTree = "<group>";
		};
		ADD20E7A2441B03B006FA1B5 /* Controller */ = {
			isa = PBXGroup;
			children = (
				ADD20E782441B033006FA1B5 /* CategoriesTableViewController.swift */,
				AD233FDE2442165F0070B783 /* ItemsTableViewController.swift */,
				AD233FE2244307180070B783 /* ReviewViewController.swift */,
				AD233FE02442DAE80070B783 /* ItemsTableViewCell.swift */,
			);
			path = Controller;
			sourceTree = "<group>";
		};
		ADD20E7B2441B050006FA1B5 /* View */ = {
			isa = PBXGroup;
			children = (
				ADD20E672441AED3006FA1B5 /* Main.storyboard */,
			);
			path = View;
			sourceTree = "<group>";
		};
		ADD20E7C2441B3FD006FA1B5 /* Model */ = {
			isa = PBXGroup;
			children = (
				ADD20E6A2441AED3006FA1B5 /* ReviewWithNotes.xcdatamodeld */,
				6D8182162444BA9F001A68F5 /* ReviewModel.swift */,
			);
			path = Model;
			sourceTree = "<group>";
		};
		B81A2970DBD9335BE9023BFE /* Frameworks */ = {
			isa = PBXGroup;
			children = (
				F141F68AE307A06C0E264A7A /* Pods_ReviewWithNotes.framework */,
			);
			name = Frameworks;
			sourceTree = "<group>";
		};
/* End PBXGroup section */

/* Begin PBXNativeTarget section */
		ADD20E5D2441AED3006FA1B5 /* ReviewWithNotes */ = {
			isa = PBXNativeTarget;
			buildConfigurationList = ADD20E752441AED4006FA1B5 /* Build configuration list for PBXNativeTarget "ReviewWithNotes" */;
			buildPhases = (
				10CE215F4EDDCA8DC20A260B /* [CP] Check Pods Manifest.lock */,
				ADD20E5A2441AED3006FA1B5 /* Sources */,
				ADD20E5B2441AED3006FA1B5 /* Frameworks */,
				ADD20E5C2441AED3006FA1B5 /* Resources */,
				7D0DE7AF6E22B85A0598D1E9 /* [CP] Embed Pods Frameworks */,
			);
			buildRules = (
			);
			dependencies = (
			);
			name = ReviewWithNotes;
			productName = ReviewWithNotes;
			productReference = ADD20E5E2441AED3006FA1B5 /* ReviewWithNotes.app */;
			productType = "com.apple.product-type.application";
		};
/* End PBXNativeTarget section */

/* Begin PBXProject section */
		ADD20E562441AED3006FA1B5 /* Project object */ = {
			isa = PBXProject;
			attributes = {
				LastSwiftUpdateCheck = 1130;
				LastUpgradeCheck = 1130;
				ORGANIZATIONNAME = suhasmadnanth;
				TargetAttributes = {
					ADD20E5D2441AED3006FA1B5 = {
						CreatedOnToolsVersion = 11.3.1;
					};
				};
			};
			buildConfigurationList = ADD20E592441AED3006FA1B5 /* Build configuration list for PBXProject "ReviewWithNotes" */;
			compatibilityVersion = "Xcode 9.3";
			developmentRegion = en;
			hasScannedForEncodings = 0;
			knownRegions = (
				en,
				Base,
			);
			mainGroup = ADD20E552441AED3006FA1B5;
			productRefGroup = ADD20E5F2441AED3006FA1B5 /* Products */;
			projectDirPath = "";
			projectRoot = "";
			targets = (
				ADD20E5D2441AED3006FA1B5 /* ReviewWithNotes */,
			);
		};
/* End PBXProject section */

/* Begin PBXResourcesBuildPhase section */
		ADD20E5C2441AED3006FA1B5 /* Resources */ = {
			isa = PBXResourcesBuildPhase;
			buildActionMask = 2147483647;
			files = (
				ADD20E712441AED4006FA1B5 /* LaunchScreen.storyboard in Resources */,
				ADD20E6E2441AED4006FA1B5 /* Assets.xcassets in Resources */,
				ADD20E692441AED3006FA1B5 /* Main.storyboard in Resources */,
			);
			runOnlyForDeploymentPostprocessing = 0;
		};
/* End PBXResourcesBuildPhase section */

/* Begin PBXShellScriptBuildPhase section */
		10CE215F4EDDCA8DC20A260B /* [CP] Check Pods Manifest.lock */ = {
			isa = PBXShellScriptBuildPhase;
			buildActionMask = 2147483647;
			files = (
			);
			inputFileListPaths = (
			);
			inputPaths = (
				"${PODS_PODFILE_DIR_PATH}/Podfile.lock",
				"${PODS_ROOT}/Manifest.lock",
			);
			name = "[CP] Check Pods Manifest.lock";
			outputFileListPaths = (
			);
			outputPaths = (
				"$(DERIVED_FILE_DIR)/Pods-ReviewWithNotes-checkManifestLockResult.txt",
			);
			runOnlyForDeploymentPostprocessing = 0;
			shellPath = /bin/sh;
			shellScript = "diff \"${PODS_PODFILE_DIR_PATH}/Podfile.lock\" \"${PODS_ROOT}/Manifest.lock\" > /dev/null\nif [ $? != 0 ] ; then\n    # print error to STDERR\n    echo \"error: The sandbox is not in sync with the Podfile.lock. Run 'pod install' or update your CocoaPods installation.\" >&2\n    exit 1\nfi\n# This output is used by Xcode 'outputs' to avoid re-running this script phase.\necho \"SUCCESS\" > \"${SCRIPT_OUTPUT_FILE_0}\"\n";
			showEnvVarsInLog = 0;
		};
		7D0DE7AF6E22B85A0598D1E9 /* [CP] Embed Pods Frameworks */ = {
			isa = PBXShellScriptBuildPhase;
			buildActionMask = 2147483647;
			files = (
			);
			inputFileListPaths = (
				"${PODS_ROOT}/Target Support Files/Pods-ReviewWithNotes/Pods-ReviewWithNotes-frameworks-${CONFIGURATION}-input-files.xcfilelist",
			);
			name = "[CP] Embed Pods Frameworks";
			outputFileListPaths = (
				"${PODS_ROOT}/Target Support Files/Pods-ReviewWithNotes/Pods-ReviewWithNotes-frameworks-${CONFIGURATION}-output-files.xcfilelist",
			);
			runOnlyForDeploymentPostprocessing = 0;
			shellPath = /bin/sh;
			shellScript = "\"${PODS_ROOT}/Target Support Files/Pods-ReviewWithNotes/Pods-ReviewWithNotes-frameworks.sh\"\n";
			showEnvVarsInLog = 0;
		};
/* End PBXShellScriptBuildPhase section */

/* Begin PBXSourcesBuildPhase section */
		ADD20E5A2441AED3006FA1B5 /* Sources */ = {
			isa = PBXSourcesBuildPhase;
			buildActionMask = 2147483647;
			files = (
				ADD20E662441AED3006FA1B5 /* ViewController.swift in Sources */,
				ADD20E622441AED3006FA1B5 /* AppDelegate.swift in Sources */,
				AD233FDF2442165F0070B783 /* ItemsTableViewController.swift in Sources */,
				AD233FE12442DAE80070B783 /* ItemsTableViewCell.swift in Sources */,
				ADD20E642441AED3006FA1B5 /* SceneDelegate.swift in Sources */,
				ADD20E6C2441AED3006FA1B5 /* ReviewWithNotes.xcdatamodeld in Sources */,
				AD233FE3244307180070B783 /* ReviewViewController.swift in Sources */,
				ADD20E792441B033006FA1B5 /* CategoriesTableViewController.swift in Sources */,
				6D8182172444BA9F001A68F5 /* ReviewModel.swift in Sources */,
			);
			runOnlyForDeploymentPostprocessing = 0;
		};
/* End PBXSourcesBuildPhase section */

/* Begin PBXVariantGroup section */
		ADD20E672441AED3006FA1B5 /* Main.storyboard */ = {
			isa = PBXVariantGroup;
			children = (
				ADD20E682441AED3006FA1B5 /* Base */,
			);
			name = Main.storyboard;
			sourceTree = "<group>";
		};
		ADD20E6F2441AED4006FA1B5 /* LaunchScreen.storyboard */ = {
			isa = PBXVariantGroup;
			children = (
				ADD20E702441AED4006FA1B5 /* Base */,
			);
			name = LaunchScreen.storyboard;
			sourceTree = "<group>";
		};
/* End PBXVariantGroup section */

/* Begin XCBuildConfiguration section */
		ADD20E732441AED4006FA1B5 /* Debug */ = {
			isa = XCBuildConfiguration;
			buildSettings = {
				ALWAYS_SEARCH_USER_PATHS = NO;
				CLANG_ANALYZER_NONNULL = YES;
				CLANG_ANALYZER_NUMBER_OBJECT_CONVERSION = YES_AGGRESSIVE;
				CLANG_CXX_LANGUAGE_STANDARD = "gnu++14";
				CLANG_CXX_LIBRARY = "libc++";
				CLANG_ENABLE_MODULES = YES;
				CLANG_ENABLE_OBJC_ARC = YES;
				CLANG_ENABLE_OBJC_WEAK = YES;
				CLANG_WARN_BLOCK_CAPTURE_AUTORELEASING = YES;
				CLANG_WARN_BOOL_CONVERSION = YES;
				CLANG_WARN_COMMA = YES;
				CLANG_WARN_CONSTANT_CONVERSION = YES;
				CLANG_WARN_DEPRECATED_OBJC_IMPLEMENTATIONS = YES;
				CLANG_WARN_DIRECT_OBJC_ISA_USAGE = YES_ERROR;
				CLANG_WARN_DOCUMENTATION_COMMENTS = YES;
				CLANG_WARN_EMPTY_BODY = YES;
				CLANG_WARN_ENUM_CONVERSION = YES;
				CLANG_WARN_INFINITE_RECURSION = YES;
				CLANG_WARN_INT_CONVERSION = YES;
				CLANG_WARN_NON_LITERAL_NULL_CONVERSION = YES;
				CLANG_WARN_OBJC_IMPLICIT_RETAIN_SELF = YES;
				CLANG_WARN_OBJC_LITERAL_CONVERSION = YES;
				CLANG_WARN_OBJC_ROOT_CLASS = YES_ERROR;
				CLANG_WARN_RANGE_LOOP_ANALYSIS = YES;
				CLANG_WARN_STRICT_PROTOTYPES = YES;
				CLANG_WARN_SUSPICIOUS_MOVE = YES;
				CLANG_WARN_UNGUARDED_AVAILABILITY = YES_AGGRESSIVE;
				CLANG_WARN_UNREACHABLE_CODE = YES;
				CLANG_WARN__DUPLICATE_METHOD_MATCH = YES;
				COPY_PHASE_STRIP = NO;
				DEBUG_INFORMATION_FORMAT = dwarf;
				ENABLE_STRICT_OBJC_MSGSEND = YES;
				ENABLE_TESTABILITY = YES;
				GCC_C_LANGUAGE_STANDARD = gnu11;
				GCC_DYNAMIC_NO_PIC = NO;
				GCC_NO_COMMON_BLOCKS = YES;
				GCC_OPTIMIZATION_LEVEL = 0;
				GCC_PREPROCESSOR_DEFINITIONS = (
					"DEBUG=1",
					"$(inherited)",
				);
				GCC_WARN_64_TO_32_BIT_CONVERSION = YES;
				GCC_WARN_ABOUT_RETURN_TYPE = YES_ERROR;
				GCC_WARN_UNDECLARED_SELECTOR = YES;
				GCC_WARN_UNINITIALIZED_AUTOS = YES_AGGRESSIVE;
				GCC_WARN_UNUSED_FUNCTION = YES;
				GCC_WARN_UNUSED_VARIABLE = YES;
				IPHONEOS_DEPLOYMENT_TARGET = 13.2;
				MTL_ENABLE_DEBUG_INFO = INCLUDE_SOURCE;
				MTL_FAST_MATH = YES;
				ONLY_ACTIVE_ARCH = YES;
				SDKROOT = iphoneos;
				SWIFT_ACTIVE_COMPILATION_CONDITIONS = DEBUG;
				SWIFT_OPTIMIZATION_LEVEL = "-Onone";
			};
			name = Debug;
		};
		ADD20E742441AED4006FA1B5 /* Release */ = {
			isa = XCBuildConfiguration;
			buildSettings = {
				ALWAYS_SEARCH_USER_PATHS = NO;
				CLANG_ANALYZER_NONNULL = YES;
				CLANG_ANALYZER_NUMBER_OBJECT_CONVERSION = YES_AGGRESSIVE;
				CLANG_CXX_LANGUAGE_STANDARD = "gnu++14";
				CLANG_CXX_LIBRARY = "libc++";
				CLANG_ENABLE_MODULES = YES;
				CLANG_ENABLE_OBJC_ARC = YES;
				CLANG_ENABLE_OBJC_WEAK = YES;
				CLANG_WARN_BLOCK_CAPTURE_AUTORELEASING = YES;
				CLANG_WARN_BOOL_CONVERSION = YES;
				CLANG_WARN_COMMA = YES;
				CLANG_WARN_CONSTANT_CONVERSION = YES;
				CLANG_WARN_DEPRECATED_OBJC_IMPLEMENTATIONS = YES;
				CLANG_WARN_DIRECT_OBJC_ISA_USAGE = YES_ERROR;
				CLANG_WARN_DOCUMENTATION_COMMENTS = YES;
				CLANG_WARN_EMPTY_BODY = YES;
				CLANG_WARN_ENUM_CONVERSION = YES;
				CLANG_WARN_INFINITE_RECURSION = YES;
				CLANG_WARN_INT_CONVERSION = YES;
				CLANG_WARN_NON_LITERAL_NULL_CONVERSION = YES;
				CLANG_WARN_OBJC_IMPLICIT_RETAIN_SELF = YES;
				CLANG_WARN_OBJC_LITERAL_CONVERSION = YES;
				CLANG_WARN_OBJC_ROOT_CLASS = YES_ERROR;
				CLANG_WARN_RANGE_LOOP_ANALYSIS = YES;
				CLANG_WARN_STRICT_PROTOTYPES = YES;
				CLANG_WARN_SUSPICIOUS_MOVE = YES;
				CLANG_WARN_UNGUARDED_AVAILABILITY = YES_AGGRESSIVE;
				CLANG_WARN_UNREACHABLE_CODE = YES;
				CLANG_WARN__DUPLICATE_METHOD_MATCH = YES;
				COPY_PHASE_STRIP = NO;
				DEBUG_INFORMATION_FORMAT = "dwarf-with-dsym";
				ENABLE_NS_ASSERTIONS = NO;
				ENABLE_STRICT_OBJC_MSGSEND = YES;
				GCC_C_LANGUAGE_STANDARD = gnu11;
				GCC_NO_COMMON_BLOCKS = YES;
				GCC_WARN_64_TO_32_BIT_CONVERSION = YES;
				GCC_WARN_ABOUT_RETURN_TYPE = YES_ERROR;
				GCC_WARN_UNDECLARED_SELECTOR = YES;
				GCC_WARN_UNINITIALIZED_AUTOS = YES_AGGRESSIVE;
				GCC_WARN_UNUSED_FUNCTION = YES;
				GCC_WARN_UNUSED_VARIABLE = YES;
				IPHONEOS_DEPLOYMENT_TARGET = 13.2;
				MTL_ENABLE_DEBUG_INFO = NO;
				MTL_FAST_MATH = YES;
				SDKROOT = iphoneos;
				SWIFT_COMPILATION_MODE = wholemodule;
				SWIFT_OPTIMIZATION_LEVEL = "-O";
				VALIDATE_PRODUCT = YES;
			};
			name = Release;
		};
		ADD20E762441AED4006FA1B5 /* Debug */ = {
			isa = XCBuildConfiguration;
			baseConfigurationReference = A7E8FBB581712485AC92F8B5 /* Pods-ReviewWithNotes.debug.xcconfig */;
			buildSettings = {
				ASSETCATALOG_COMPILER_APPICON_NAME = AppIcon;
				CODE_SIGN_STYLE = Automatic;
				INFOPLIST_FILE = ReviewWithNotes/Info.plist;
				LD_RUNPATH_SEARCH_PATHS = (
					"$(inherited)",
					"@executable_path/Frameworks",
				);
				PRODUCT_BUNDLE_IDENTIFIER = suhasmadnanth.ReviewWithNotes;
				PRODUCT_NAME = "$(TARGET_NAME)";
				SWIFT_VERSION = 5.0;
				TARGETED_DEVICE_FAMILY = "1,2";
			};
			name = Debug;
		};
		ADD20E772441AED4006FA1B5 /* Release */ = {
			isa = XCBuildConfiguration;
			baseConfigurationReference = 1F199C340B515A940E67D31C /* Pods-ReviewWithNotes.release.xcconfig */;
			buildSettings = {
				ASSETCATALOG_COMPILER_APPICON_NAME = AppIcon;
				CODE_SIGN_STYLE = Automatic;
				INFOPLIST_FILE = ReviewWithNotes/Info.plist;
				LD_RUNPATH_SEARCH_PATHS = (
					"$(inherited)",
					"@executable_path/Frameworks",
				);
				PRODUCT_BUNDLE_IDENTIFIER = suhasmadnanth.ReviewWithNotes;
				PRODUCT_NAME = "$(TARGET_NAME)";
				SWIFT_VERSION = 5.0;
				TARGETED_DEVICE_FAMILY = "1,2";
			};
			name = Release;
		};
/* End XCBuildConfiguration section */

/* Begin XCConfigurationList section */
		ADD20E592441AED3006FA1B5 /* Build configuration list for PBXProject "ReviewWithNotes" */ = {
			isa = XCConfigurationList;
			buildConfigurations = (
				ADD20E732441AED4006FA1B5 /* Debug */,
				ADD20E742441AED4006FA1B5 /* Release */,
			);
			defaultConfigurationIsVisible = 0;
			defaultConfigurationName = Release;
		};
		ADD20E752441AED4006FA1B5 /* Build configuration list for PBXNativeTarget "ReviewWithNotes" */ = {
			isa = XCConfigurationList;
			buildConfigurations = (
				ADD20E762441AED4006FA1B5 /* Debug */,
				ADD20E772441AED4006FA1B5 /* Release */,
			);
			defaultConfigurationIsVisible = 0;
			defaultConfigurationName = Release;
		};
/* End XCConfigurationList section */

/* Begin XCVersionGroup section */
		ADD20E6A2441AED3006FA1B5 /* ReviewWithNotes.xcdatamodeld */ = {
			isa = XCVersionGroup;
			children = (
				ADD20E6B2441AED3006FA1B5 /* ReviewWithNotes.xcdatamodel */,
			);
			currentVersion = ADD20E6B2441AED3006FA1B5 /* ReviewWithNotes.xcdatamodel */;
			path = ReviewWithNotes.xcdatamodeld;
			sourceTree = "<group>";
			versionGroupType = wrapper.xcdatamodel;
		};
/* End XCVersionGroup section */
	};
	rootObject = ADD20E562441AED3006FA1B5 /* Project object */;
}
